PODS:
  - Bluejay (0.8.9)
  - ObjcExceptionBridging (1.0.1):
    - ObjcExceptionBridging/ObjcExceptionBridging (= 1.0.1)
  - ObjcExceptionBridging/ObjcExceptionBridging (1.0.1)
  - PromiseKit (6.8.5):
    - PromiseKit/CorePromise (= 6.8.5)
    - PromiseKit/Foundation (= 6.8.5)
    - PromiseKit/UIKit (= 6.8.5)
  - PromiseKit/CorePromise (6.8.5)
  - PromiseKit/Foundation (6.8.5):
    - PromiseKit/CorePromise
  - PromiseKit/UIKit (6.8.5):
    - PromiseKit/CorePromise
  - ProvaPod (0.1.0):
    - Bluejay (~> 0.8)
    - PromiseKit (~> 6.8.3)
    - XCGLogger (~> 6.1.0)
    - ZIPFoundation (~> 0.9.9)
  - XCGLogger (6.1.0):
    - XCGLogger/Core (= 6.1.0)
  - XCGLogger/Core (6.1.0):
    - ObjcExceptionBridging
  - ZIPFoundation (0.9.11)

DEPENDENCIES:
  - Bluejay (~> 0.8)
  - PromiseKit (~> 6.8.3)
  - ProvaPod (from `../`)
  - XCGLogger (~> 6.1.0)
  - ZIPFoundation (~> 0.9.9)

SPEC REPOS:
  trunk:
    - Bluejay
    - ObjcExceptionBridging
    - PromiseKit
    - XCGLogger
    - ZIPFoundation

EXTERNAL SOURCES:
  ProvaPod:
    :path: "../"

SPEC CHECKSUMS:
  Bluejay: 2dd1e38c0b3bb02c931c0c10d380887230b09a33
  ObjcExceptionBridging: c30e00eb3700467e695faeea30e26e18bd445001
  PromiseKit: 9616b0afef31eae56ab9ce044c8ec2b8612a15cd
  ProvaPod: b6631ffa2cfdf423f7457f9ce8cc2db72d8283d9
  XCGLogger: 7f7f43f15dfe3a305fa1342b7dc29af656289abd
  ZIPFoundation: b1f0de4eed33e74a676f76e12559ab6b75990197

PODFILE CHECKSUM: 6804fa2eae8d05baf312def41f24a9d63e6b9ae1

COCOAPODS: 1.9.3
